
Microsoft Visual Studio Solution File, Format Version 12.00
# Visual Studio Version 17
VisualStudioVersion = 17.10.35027.167
MinimumVisualStudioVersion = 10.0.40219.1
Project("{9A19103F-16F7-4668-BE54-9A1E7A4F7556}") = "TaskManagement.API", "TaskManagement.API\TaskManagement.API.csproj", "{0F038BAD-DAB7-4ACF-A99A-38FB808A2ABC}"
EndProject
Project("{FAE04EC0-301F-11D3-BF4B-00C04F79EFBC}") = "TaskManagement.UI", "TaskManagement.UI\TaskManagement.UI.csproj", "{486F8488-ABFE-4EBF-9511-965100D552BE}"
EndProject
Global
	GlobalSection(SolutionConfigurationPlatforms) = preSolution
		Debug|Any CPU = Debug|Any CPU
		Release|Any CPU = Release|Any CPU
	EndGlobalSection
	GlobalSection(ProjectConfigurationPlatforms) = postSolution
		{0F038BAD-DAB7-4ACF-A99A-38FB808A2ABC}.Debug|Any CPU.ActiveCfg = Debug|Any CPU
		{0F038BAD-DAB7-4ACF-A99A-38FB808A2ABC}.Debug|Any CPU.Build.0 = Debug|Any CPU
		{0F038BAD-DAB7-4ACF-A99A-38FB808A2ABC}.Release|Any CPU.ActiveCfg = Release|Any CPU
		{0F038BAD-DAB7-4ACF-A99A-38FB808A2ABC}.Release|Any CPU.Build.0 = Release|Any CPU
		{486F8488-ABFE-4EBF-9511-965100D552BE}.Debug|Any CPU.ActiveCfg = Debug|Any CPU
		{486F8488-ABFE-4EBF-9511-965100D552BE}.Debug|Any CPU.Build.0 = Debug|Any CPU
		{486F8488-ABFE-4EBF-9511-965100D552BE}.Release|Any CPU.ActiveCfg = Release|Any CPU
		{486F8488-ABFE-4EBF-9511-965100D552BE}.Release|Any CPU.Build.0 = Release|Any CPU
	EndGlobalSection
	GlobalSection(SolutionProperties) = preSolution
		HideSolutionNode = FALSE
	EndGlobalSection
	GlobalSection(ExtensibilityGlobals) = postSolution
		SolutionGuid = {FD0CAF69-1EE2-4965-A168-42F7B42AD3FF}
	EndGlobalSection
EndGlobal
